
Microsoft Visual Studio Solution File, Format Version 12.00
# Visual Studio Version 16
VisualStudioVersion = 16.0.33920.266
MinimumVisualStudioVersion = 10.0.40219.1
Project("{FAE04EC0-301F-11D3-BF4B-00C04F79EFBC}") = "CapaNegocio", "CapaNegocio\CapaNegocio.csproj", "{380DBF48-5DAA-4FBC-BE51-19EA564262E6}"
EndProject
Project("{FAE04EC0-301F-11D3-BF4B-00C04F79EFBC}") = "CapaDatos", "CapaDatos\CapaDatos.csproj", "{30D00525-2042-4770-9B28-30D68DC81F4C}"
EndProject
Project("{FAE04EC0-301F-11D3-BF4B-00C04F79EFBC}") = "CapaEntidad", "CapaEntidad\CapaEntidad.csproj", "{53062FE4-9F9E-4DC7-A268-028FAAC67C70}"
EndProject
Project("{FAE04EC0-301F-11D3-BF4B-00C04F79EFBC}") = "CapaPresentacion", "CapaPresentacion\CapaPresentacion.csproj", "{6BBFB6E0-0D90-4677-B5A7-C1B61C4B7876}"
EndProject
Global
	GlobalSection(SolutionConfigurationPlatforms) = preSolution
		Debug|Any CPU = Debug|Any CPU
		Release|Any CPU = Release|Any CPU
	EndGlobalSection
	GlobalSection(ProjectConfigurationPlatforms) = postSolution
		{380DBF48-5DAA-4FBC-BE51-19EA564262E6}.Debug|Any CPU.ActiveCfg = Debug|Any CPU
		{380DBF48-5DAA-4FBC-BE51-19EA564262E6}.Debug|Any CPU.Build.0 = Debug|Any CPU
		{380DBF48-5DAA-4FBC-BE51-19EA564262E6}.Release|Any CPU.ActiveCfg = Release|Any CPU
		{380DBF48-5DAA-4FBC-BE51-19EA564262E6}.Release|Any CPU.Build.0 = Release|Any CPU
		{30D00525-2042-4770-9B28-30D68DC81F4C}.Debug|Any CPU.ActiveCfg = Debug|Any CPU
		{30D00525-2042-4770-9B28-30D68DC81F4C}.Debug|Any CPU.Build.0 = Debug|Any CPU
		{30D00525-2042-4770-9B28-30D68DC81F4C}.Release|Any CPU.ActiveCfg = Release|Any CPU
		{30D00525-2042-4770-9B28-30D68DC81F4C}.Release|Any CPU.Build.0 = Release|Any CPU
		{53062FE4-9F9E-4DC7-A268-028FAAC67C70}.Debug|Any CPU.ActiveCfg = Debug|Any CPU
		{53062FE4-9F9E-4DC7-A268-028FAAC67C70}.Debug|Any CPU.Build.0 = Debug|Any CPU
		{53062FE4-9F9E-4DC7-A268-028FAAC67C70}.Release|Any CPU.ActiveCfg = Release|Any CPU
		{53062FE4-9F9E-4DC7-A268-028FAAC67C70}.Release|Any CPU.Build.0 = Release|Any CPU
		{6BBFB6E0-0D90-4677-B5A7-C1B61C4B7876}.Debug|Any CPU.ActiveCfg = Debug|Any CPU
		{6BBFB6E0-0D90-4677-B5A7-C1B61C4B7876}.Debug|Any CPU.Build.0 = Debug|Any CPU
		{6BBFB6E0-0D90-4677-B5A7-C1B61C4B7876}.Release|Any CPU.ActiveCfg = Release|Any CPU
		{6BBFB6E0-0D90-4677-B5A7-C1B61C4B7876}.Release|Any CPU.Build.0 = Release|Any CPU
	EndGlobalSection
	GlobalSection(SolutionProperties) = preSolution
		HideSolutionNode = FALSE
	EndGlobalSection
	GlobalSection(ExtensibilityGlobals) = postSolution
		SolutionGuid = {3011475D-DF83-4ADD-AA40-B69B8D388B6E}
	EndGlobalSection
EndGlobal
